# This file is generated by running "yarn install" inside your project.
# Manual changes might be lost - proceed with caution!

__metadata:
  version: 6
  cacheKey: 8

"js-tokens@npm:^3.0.0 || ^4.0.0":
  version: 4.0.0
  resolution: "js-tokens@npm:4.0.0::__archiveUrl=https%3A%2F%2Fregistry.npmjs.org%2Fjs-tokens%2F-%2Fjs-tokens-4.0.0.tgz"
  checksum: 8a95213a5a77deb6cbe94d86340e8d9ace2b93bc367790b260101d2f36a2eaf4e4e22d9fa9cf459b38af3a32fb4190e638024cf82ec95ef708680e405ea7cc78
  languageName: node
  linkType: hard

"loose-envify@npm:^1.1.0":
  version: 1.4.0
  resolution: "loose-envify@npm:1.4.0::__archiveUrl=https%3A%2F%2Fregistry.npmjs.org%2Floose-envify%2F-%2Floose-envify-1.4.0.tgz"
  dependencies:
    js-tokens: ^3.0.0 || ^4.0.0
  bin:
    loose-envify: cli.js
  checksum: 6517e24e0cad87ec9888f500c5b5947032cdfe6ef65e1c1936a0c48a524b81e65542c9c3edc91c97d5bddc806ee2a985dbc79be89215d613b1de5db6d1cfe6f4
  languageName: node
  linkType: hard

"react-dom@npm:18.1.0":
  version: 18.1.0
  resolution: "react-dom@npm:18.1.0::__archiveUrl=https%3A%2F%2Fregistry.npmjs.org%2Freact-dom%2F-%2Freact-dom-18.1.0.tgz"
  dependencies:
    loose-envify: ^1.1.0
    scheduler: ^0.22.0
  peerDependencies:
    react: ^18.1.0
  checksum: bb0d48eeb0b297c79c2a03978baa29f5b3ff7ba3d070b21e34c9af1a6e7fdf0ca8b8d73e41f9214d91ad40eeb6d1f3559f884cbbc338713374a51320637c23df
  languageName: node
  linkType: hard

"react@npm:18.1.0":
  version: 18.1.0
  resolution: "react@npm:18.1.0::__archiveUrl=https%3A%2F%2Fregistry.npmjs.org%2Freact%2F-%2Freact-18.1.0.tgz"
  dependencies:
    loose-envify: ^1.1.0
  checksum: 5bb296b561b43ef2220395da4faac86c14a087c8c80e1a7598a5740f01ee605c11eaf249985c1e2000971c4cd32ccb46d40f00479bbd9fb6b1c7cf857393b7d4
  languageName: node
  linkType: hard

"root-workspace-0b6124@workspace:.":
  version: 0.0.0-use.local
  resolution: "root-workspace-0b6124@workspace:."
  dependencies:
    react: 18.1.0
    react-dom: 18.1.0
  peerDependencies:
    react: 18.1.0
    react-dom: 18.1.0
  languageName: unknown
  linkType: soft

"scheduler@npm:^0.22.0":
  version: 0.22.0
  resolution: "scheduler@npm:0.22.0::__archiveUrl=https%3A%2F%2Fregistry.npmjs.org%2Fscheduler%2F-%2Fscheduler-0.22.0.tgz"
  dependencies:
    loose-envify: ^1.1.0
  checksum: a8ef5cab769c020cd6382ad9ecc3f72dbde56a50a36639b3a42ad9c11f7724f03700bcad373044059b8067d4a6365154dc7c0ca8027ef20ff4900cf58a0fc2c5
  languageName: node
  linkType: hard
